
Microsoft Visual Studio Solution File, Format Version 12.00
# Visual Studio Version 16
VisualStudioVersion = 16.0.32802.440
MinimumVisualStudioVersion = 10.0.40219.1
Project("{9A19103F-16F7-4668-BE54-9A1E7A4F7556}") = "DataExtractionTool", "DataExtractionTool.csproj", "{BE70173D-BD60-4C69-AA8D-49700D195B76}"
EndProject
Global
	GlobalSection(SolutionConfigurationPlatforms) = preSolution
		Debug|Any CPU = Debug|Any CPU
		Release|Any CPU = Release|Any CPU
	EndGlobalSection
	GlobalSection(ProjectConfigurationPlatforms) = postSolution
		{BE70173D-BD60-4C69-AA8D-49700D195B76}.Debug|Any CPU.ActiveCfg = Debug|Any CPU
		{BE70173D-BD60-4C69-AA8D-49700D195B76}.Debug|Any CPU.Build.0 = Debug|Any CPU
		{BE70173D-BD60-4C69-AA8D-49700D195B76}.Release|Any CPU.ActiveCfg = Release|Any CPU
		{BE70173D-BD60-4C69-AA8D-49700D195B76}.Release|Any CPU.Build.0 = Release|Any CPU
	EndGlobalSection
	GlobalSection(SolutionProperties) = preSolution
		HideSolutionNode = FALSE
	EndGlobalSection
	GlobalSection(ExtensibilityGlobals) = postSolution
		SolutionGuid = {70B77069-7AB5-40BB-B7D5-79D58289C153}
	EndGlobalSection
EndGlobal
